// !$*UTF8*$!
{
	archiveVersion = 1;
	classes = {
	};
	objectVersion = 56;
	objects = {

/* Begin PBXBuildFile section */
		478CFFB62869529C008D7EF7 /* UI_597App.swift in Sources */ = {isa = PBXBuildFile; fileRef = 478CFFB52869529C008D7EF7 /* UI_597App.swift */; };
		478CFFB82869529C008D7EF7 /* ContentView.swift in Sources */ = {isa = PBXBuildFile; fileRef = 478CFFB72869529C008D7EF7 /* ContentView.swift */; };
		478CFFBA2869529D008D7EF7 /* Assets.xcassets in Resources */ = {isa = PBXBuildFile; fileRef = 478CFFB92869529D008D7EF7 /* Assets.xcassets */; };
		478CFFBD2869529D008D7EF7 /* Preview Assets.xcassets in Resources */ = {isa = PBXBuildFile; fileRef = 478CFFBC2869529D008D7EF7 /* Preview Assets.xcassets */; };
		478CFFC72869529D008D7EF7 /* UI_597Tests.swift in Sources */ = {isa = PBXBuildFile; fileRef = 478CFFC62869529D008D7EF7 /* UI_597Tests.swift */; };
		478CFFD12869529D008D7EF7 /* UI_597UITests.swift in Sources */ = {isa = PBXBuildFile; fileRef = 478CFFD02869529D008D7EF7 /* UI_597UITests.swift */; };
		478CFFD32869529D008D7EF7 /* UI_597UITestsLaunchTests.swift in Sources */ = {isa = PBXBuildFile; fileRef = 478CFFD22869529D008D7EF7 /* UI_597UITestsLaunchTests.swift */; };
		478CFFE0286952F9008D7EF7 /* Home.swift in Sources */ = {isa = PBXBuildFile; fileRef = 478CFFDF286952F9008D7EF7 /* Home.swift */; };
/* End PBXBuildFile section */

/* Begin PBXContainerItemProxy section */
		478CFFC32869529D008D7EF7 /* PBXContainerItemProxy */ = {
			isa = PBXContainerItemProxy;
			containerPortal = 478CFFAA2869529C008D7EF7 /* Project object */;
			proxyType = 1;
			remoteGlobalIDString = 478CFFB12869529C008D7EF7;
			remoteInfo = "UI-597";
		};
		478CFFCD2869529D008D7EF7 /* PBXContainerItemProxy */ = {
			isa = PBXContainerItemProxy;
			containerPortal = 478CFFAA2869529C008D7EF7 /* Project object */;
			proxyType = 1;
			remoteGlobalIDString = 478CFFB12869529C008D7EF7;
			remoteInfo = "UI-597";
		};
/* End PBXContainerItemProxy section */

/* Begin PBXFileReference section */
		478CFFB22869529C008D7EF7 /* UI-597.app */ = {isa = PBXFileReference; explicitFileType = wrapper.application; includeInIndex = 0; path = "UI-597.app"; sourceTree = BUILT_PRODUCTS_DIR; };
		478CFFB52869529C008D7EF7 /* UI_597App.swift */ = {isa = PBXFileReference; lastKnownFileType = sourcecode.swift; path = UI_597App.swift; sourceTree = "<group>"; };
		478CFFB72869529C008D7EF7 /* ContentView.swift */ = {isa = PBXFileReference; lastKnownFileType = sourcecode.swift; path = ContentView.swift; sourceTree = "<group>"; };
		478CFFB92869529D008D7EF7 /* Assets.xcassets */ = {isa = PBXFileReference; lastKnownFileType = folder.assetcatalog; path = Assets.xcassets; sourceTree = "<group>"; };
		478CFFBC2869529D008D7EF7 /* Preview Assets.xcassets */ = {isa = PBXFileReference; lastKnownFileType = folder.assetcatalog; path = "Preview Assets.xcassets"; sourceTree = "<group>"; };
		478CFFC22869529D008D7EF7 /* UI-597Tests.xctest */ = {isa = PBXFileReference; explicitFileType = wrapper.cfbundle; includeInIndex = 0; path = "UI-597Tests.xctest"; sourceTree = BUILT_PRODUCTS_DIR; };
		478CFFC62869529D008D7EF7 /* UI_597Tests.swift */ = {isa = PBXFileReference; lastKnownFileType = sourcecode.swift; path = UI_597Tests.swift; sourceTree = "<group>"; };
		478CFFCC2869529D008D7EF7 /* UI-597UITests.xctest */ = {isa = PBXFileReference; explicitFileType = wrapper.cfbundle; includeInIndex = 0; path = "UI-597UITests.xctest"; sourceTree = BUILT_PRODUCTS_DIR; };
		478CFFD02869529D008D7EF7 /* UI_597UITests.swift */ = {isa = PBXFileReference; lastKnownFileType = sourcecode.swift; path = UI_597UITests.swift; sourceTree = "<group>"; };
		478CFFD22869529D008D7EF7 /* UI_597UITestsLaunchTests.swift */ = {isa = PBXFileReference; lastKnownFileType = sourcecode.swift; path = UI_597UITestsLaunchTests.swift; sourceTree = "<group>"; };
		478CFFDF286952F9008D7EF7 /* Home.swift */ = {isa = PBXFileReference; lastKnownFileType = sourcecode.swift; path = Home.swift; sourceTree = "<group>"; };
/* End PBXFileReference section */

/* Begin PBXFrameworksBuildPhase section */
		478CFFAF2869529C008D7EF7 /* Frameworks */ = {
			isa = PBXFrameworksBuildPhase;
			buildActionMask = 2147483647;
			files = (
			);
			runOnlyForDeploymentPostprocessing = 0;
		};
		478CFFBF2869529D008D7EF7 /* Frameworks */ = {
			isa = PBXFrameworksBuildPhase;
			buildActionMask = 2147483647;
			files = (
			);
			runOnlyForDeploymentPostprocessing = 0;
		};
		478CFFC92869529D008D7EF7 /* Frameworks */ = {
			isa = PBXFrameworksBuildPhase;
			buildActionMask = 2147483647;
			files = (
			);
			runOnlyForDeploymentPostprocessing = 0;
		};
/* End PBXFrameworksBuildPhase section */

/* Begin PBXGroup section */
		478CFFA92869529C008D7EF7 = {
			isa = PBXGroup;
			children = (
				478CFFB42869529C008D7EF7 /* UI-597 */,
				478CFFC52869529D008D7EF7 /* UI-597Tests */,
				478CFFCF2869529D008D7EF7 /* UI-597UITests */,
				478CFFB32869529C008D7EF7 /* Products */,
			);
			sourceTree = "<group>";
		};
		478CFFB32869529C008D7EF7 /* Products */ = {
			isa = PBXGroup;
			children = (
				478CFFB22869529C008D7EF7 /* UI-597.app */,
				478CFFC22869529D008D7EF7 /* UI-597Tests.xctest */,
				478CFFCC2869529D008D7EF7 /* UI-597UITests.xctest */,
			);
			name = Products;
			sourceTree = "<group>";
		};
		478CFFB42869529C008D7EF7 /* UI-597 */ = {
			isa = PBXGroup;
			children = (
				478CFFB52869529C008D7EF7 /* UI_597App.swift */,
				478CFFB72869529C008D7EF7 /* ContentView.swift */,
				478CFFB92869529D008D7EF7 /* Assets.xcassets */,
				478CFFBB2869529D008D7EF7 /* Preview Content */,
				478CFFDF286952F9008D7EF7 /* Home.swift */,
			);
			path = "UI-597";
			sourceTree = "<group>";
		};
		478CFFBB2869529D008D7EF7 /* Preview Content */ = {
			isa = PBXGroup;
			children = (
				478CFFBC2869529D008D7EF7 /* Preview Assets.xcassets */,
			);
			path = "Preview Content";
			sourceTree = "<group>";
		};
		478CFFC52869529D008D7EF7 /* UI-597Tests */ = {
			isa = PBXGroup;
			children = (
				478CFFC62869529D008D7EF7 /* UI_597Tests.swift */,
			);
			path = "UI-597Tests";
			sourceTree = "<group>";
		};
		478CFFCF2869529D008D7EF7 /* UI-597UITests */ = {
			isa = PBXGroup;
			children = (
				478CFFD02869529D008D7EF7 /* UI_597UITests.swift */,
				478CFFD22869529D008D7EF7 /* UI_597UITestsLaunchTests.swift */,
			);
			path = "UI-597UITests";
			sourceTree = "<group>";
		};
/* End PBXGroup section */

/* Begin PBXNativeTarget section */
		478CFFB12869529C008D7EF7 /* UI-597 */ = {
			isa = PBXNativeTarget;
			buildConfigurationList = 478CFFD62869529D008D7EF7 /* Build configuration list for PBXNativeTarget "UI-597" */;
			buildPhases = (
				478CFFAE2869529C008D7EF7 /* Sources */,
				478CFFAF2869529C008D7EF7 /* Frameworks */,
				478CFFB02869529C008D7EF7 /* Resources */,
			);
			buildRules = (
			);
			dependencies = (
			);
			name = "UI-597";
			productName = "UI-597";
			productReference = 478CFFB22869529C008D7EF7 /* UI-597.app */;
			productType = "com.apple.product-type.application";
		};
		478CFFC12869529D008D7EF7 /* UI-597Tests */ = {
			isa = PBXNativeTarget;
			buildConfigurationList = 478CFFD92869529D008D7EF7 /* Build configuration list for PBXNativeTarget "UI-597Tests" */;
			buildPhases = (
				478CFFBE2869529D008D7EF7 /* Sources */,
				478CFFBF2869529D008D7EF7 /* Frameworks */,
				478CFFC02869529D008D7EF7 /* Resources */,
			);
			buildRules = (
			);
			dependencies = (
				478CFFC42869529D008D7EF7 /* PBXTargetDependency */,
			);
			name = "UI-597Tests";
			productName = "UI-597Tests";
			productReference = 478CFFC22869529D008D7EF7 /* UI-597Tests.xctest */;
			productType = "com.apple.product-type.bundle.unit-test";
		};
		478CFFCB2869529D008D7EF7 /* UI-597UITests */ = {
			isa = PBXNativeTarget;
			buildConfigurationList = 478CFFDC2869529D008D7EF7 /* Build configuration list for PBXNativeTarget "UI-597UITests" */;
			buildPhases = (
				478CFFC82869529D008D7EF7 /* Sources */,
				478CFFC92869529D008D7EF7 /* Frameworks */,
				478CFFCA2869529D008D7EF7 /* Resources */,
			);
			buildRules = (
			);
			dependencies = (
				478CFFCE2869529D008D7EF7 /* PBXTargetDependency */,
			);
			name = "UI-597UITests";
			productName = "UI-597UITests";
			productReference = 478CFFCC2869529D008D7EF7 /* UI-597UITests.xctest */;
			productType = "com.apple.product-type.bundle.ui-testing";
		};
/* End PBXNativeTarget section */

/* Begin PBXProject section */
		478CFFAA2869529C008D7EF7 /* Project object */ = {
			isa = PBXProject;
			attributes = {
				BuildIndependentTargetsInParallel = 1;
				LastSwiftUpdateCheck = 1400;
				LastUpgradeCheck = 1400;
				TargetAttributes = {
					478CFFB12869529C008D7EF7 = {
						CreatedOnToolsVersion = 14.0;
					};
					478CFFC12869529D008D7EF7 = {
						CreatedOnToolsVersion = 14.0;
						TestTargetID = 478CFFB12869529C008D7EF7;
					};
					478CFFCB2869529D008D7EF7 = {
						CreatedOnToolsVersion = 14.0;
						TestTargetID = 478CFFB12869529C008D7EF7;
					};
				};
			};
			buildConfigurationList = 478CFFAD2869529C008D7EF7 /* Build configuration list for PBXProject "UI-597" */;
			compatibilityVersion = "Xcode 14.0";
			developmentRegion = en;
			hasScannedForEncodings = 0;
			knownRegions = (
				en,
				Base,
			);
			mainGroup = 478CFFA92869529C008D7EF7;
			productRefGroup = 478CFFB32869529C008D7EF7 /* Products */;
			projectDirPath = "";
			projectRoot = "";
			targets = (
				478CFFB12869529C008D7EF7 /* UI-597 */,
				478CFFC12869529D008D7EF7 /* UI-597Tests */,
				478CFFCB2869529D008D7EF7 /* UI-597UITests */,
			);
		};
/* End PBXProject section */

/* Begin PBXResourcesBuildPhase section */
		478CFFB02869529C008D7EF7 /* Resources */ = {
			isa = PBXResourcesBuildPhase;
			buildActionMask = 2147483647;
			files = (
				478CFFBD2869529D008D7EF7 /* Preview Assets.xcassets in Resources */,
				478CFFBA2869529D008D7EF7 /* Assets.xcassets in Resources */,
			);
			runOnlyForDeploymentPostprocessing = 0;
		};
		478CFFC02869529D008D7EF7 /* Resources */ = {
			isa = PBXResourcesBuildPhase;
			buildActionMask = 2147483647;
			files = (
			);
			runOnlyForDeploymentPostprocessing = 0;
		};
		478CFFCA2869529D008D7EF7 /* Resources */ = {
			isa = PBXResourcesBuildPhase;
			buildActionMask = 2147483647;
			files = (
			);
			runOnlyForDeploymentPostprocessing = 0;
		};
/* End PBXResourcesBuildPhase section */

/* Begin PBXSourcesBuildPhase section */
		478CFFAE2869529C008D7EF7 /* Sources */ = {
			isa = PBXSourcesBuildPhase;
			buildActionMask = 2147483647;
			files = (
				478CFFB82869529C008D7EF7 /* ContentView.swift in Sources */,
				478CFFE0286952F9008D7EF7 /* Home.swift in Sources */,
				478CFFB62869529C008D7EF7 /* UI_597App.swift in Sources */,
			);
			runOnlyForDeploymentPostprocessing = 0;
		};
		478CFFBE2869529D008D7EF7 /* Sources */ = {
			isa = PBXSourcesBuildPhase;
			buildActionMask = 2147483647;
			files = (
				478CFFC72869529D008D7EF7 /* UI_597Tests.swift in Sources */,
			);
			runOnlyForDeploymentPostprocessing = 0;
		};
		478CFFC82869529D008D7EF7 /* Sources */ = {
			isa = PBXSourcesBuildPhase;
			buildActionMask = 2147483647;
			files = (
				478CFFD32869529D008D7EF7 /* UI_597UITestsLaunchTests.swift in Sources */,
				478CFFD12869529D008D7EF7 /* UI_597UITests.swift in Sources */,
			);
			runOnlyForDeploymentPostprocessing = 0;
		};
/* End PBXSourcesBuildPhase section */

/* Begin PBXTargetDependency section */
		478CFFC42869529D008D7EF7 /* PBXTargetDependency */ = {
			isa = PBXTargetDependency;
			target = 478CFFB12869529C008D7EF7 /* UI-597 */;
			targetProxy = 478CFFC32869529D008D7EF7 /* PBXContainerItemProxy */;
		};
		478CFFCE2869529D008D7EF7 /* PBXTargetDependency */ = {
			isa = PBXTargetDependency;
			target = 478CFFB12869529C008D7EF7 /* UI-597 */;
			targetProxy = 478CFFCD2869529D008D7EF7 /* PBXContainerItemProxy */;
		};
/* End PBXTargetDependency section */

/* Begin XCBuildConfiguration section */
		478CFFD42869529D008D7EF7 /* Debug */ = {
			isa = XCBuildConfiguration;
			buildSettings = {
				ALWAYS_SEARCH_USER_PATHS = NO;
				CLANG_ANALYZER_NONNULL = YES;
				CLANG_ANALYZER_NUMBER_OBJECT_CONVERSION = YES_AGGRESSIVE;
				CLANG_CXX_LANGUAGE_STANDARD = "gnu++17";
				CLANG_ENABLE_MODULES = YES;
				CLANG_ENABLE_OBJC_ARC = YES;
				CLANG_ENABLE_OBJC_WEAK = YES;
				CLANG_WARN_BLOCK_CAPTURE_AUTORELEASING = YES;
				CLANG_WARN_BOOL_CONVERSION = YES;
				CLANG_WARN_COMMA = YES;
				CLANG_WARN_CONSTANT_CONVERSION = YES;
				CLANG_WARN_DEPRECATED_OBJC_IMPLEMENTATIONS = YES;
				CLANG_WARN_DIRECT_OBJC_ISA_USAGE = YES_ERROR;
				CLANG_WARN_DOCUMENTATION_COMMENTS = YES;
				CLANG_WARN_EMPTY_BODY = YES;
				CLANG_WARN_ENUM_CONVERSION = YES;
				CLANG_WARN_INFINITE_RECURSION = YES;
				CLANG_WARN_INT_CONVERSION = YES;
				CLANG_WARN_NON_LITERAL_NULL_CONVERSION = YES;
				CLANG_WARN_OBJC_IMPLICIT_RETAIN_SELF = YES;
				CLANG_WARN_OBJC_LITERAL_CONVERSION = YES;
				CLANG_WARN_OBJC_ROOT_CLASS = YES_ERROR;
				CLANG_WARN_QUOTED_INCLUDE_IN_FRAMEWORK_HEADER = YES;
				CLANG_WARN_RANGE_LOOP_ANALYSIS = YES;
				CLANG_WARN_STRICT_PROTOTYPES = YES;
				CLANG_WARN_SUSPICIOUS_MOVE = YES;
				CLANG_WARN_UNGUARDED_AVAILABILITY = YES_AGGRESSIVE;
				CLANG_WARN_UNREACHABLE_CODE = YES;
				CLANG_WARN__DUPLICATE_METHOD_MATCH = YES;
				COPY_PHASE_STRIP = NO;
				DEBUG_INFORMATION_FORMAT = dwarf;
				ENABLE_STRICT_OBJC_MSGSEND = YES;
				ENABLE_TESTABILITY = YES;
				GCC_C_LANGUAGE_STANDARD = gnu11;
				GCC_DYNAMIC_NO_PIC = NO;
				GCC_NO_COMMON_BLOCKS = YES;
				GCC_OPTIMIZATION_LEVEL = 0;
				GCC_PREPROCESSOR_DEFINITIONS = (
					"DEBUG=1",
					"$(inherited)",
				);
				GCC_WARN_64_TO_32_BIT_CONVERSION = YES;
				GCC_WARN_ABOUT_RETURN_TYPE = YES_ERROR;
				GCC_WARN_UNDECLARED_SELECTOR = YES;
				GCC_WARN_UNINITIALIZED_AUTOS = YES_AGGRESSIVE;
				GCC_WARN_UNUSED_FUNCTION = YES;
				GCC_WARN_UNUSED_VARIABLE = YES;
				IPHONEOS_DEPLOYMENT_TARGET = 16.0;
				MTL_ENABLE_DEBUG_INFO = INCLUDE_SOURCE;
				MTL_FAST_MATH = YES;
				ONLY_ACTIVE_ARCH = YES;
				SDKROOT = iphoneos;
				SWIFT_ACTIVE_COMPILATION_CONDITIONS = DEBUG;
				SWIFT_OPTIMIZATION_LEVEL = "-Onone";
			};
			name = Debug;
		};
		478CFFD52869529D008D7EF7 /* Release */ = {
			isa = XCBuildConfiguration;
			buildSettings = {
				ALWAYS_SEARCH_USER_PATHS = NO;
				CLANG_ANALYZER_NONNULL = YES;
				CLANG_ANALYZER_NUMBER_OBJECT_CONVERSION = YES_AGGRESSIVE;
				CLANG_CXX_LANGUAGE_STANDARD = "gnu++17";
				CLANG_ENABLE_MODULES = YES;
				CLANG_ENABLE_OBJC_ARC = YES;
				CLANG_ENABLE_OBJC_WEAK = YES;
				CLANG_WARN_BLOCK_CAPTURE_AUTORELEASING = YES;
				CLANG_WARN_BOOL_CONVERSION = YES;
				CLANG_WARN_COMMA = YES;
				CLANG_WARN_CONSTANT_CONVERSION = YES;
				CLANG_WARN_DEPRECATED_OBJC_IMPLEMENTATIONS = YES;
				CLANG_WARN_DIRECT_OBJC_ISA_USAGE = YES_ERROR;
				CLANG_WARN_DOCUMENTATION_COMMENTS = YES;
				CLANG_WARN_EMPTY_BODY = YES;
				CLANG_WARN_ENUM_CONVERSION = YES;
				CLANG_WARN_INFINITE_RECURSION = YES;
				CLANG_WARN_INT_CONVERSION = YES;
				CLANG_WARN_NON_LITERAL_NULL_CONVERSION = YES;
				CLANG_WARN_OBJC_IMPLICIT_RETAIN_SELF = YES;
				CLANG_WARN_OBJC_LITERAL_CONVERSION = YES;
				CLANG_WARN_OBJC_ROOT_CLASS = YES_ERROR;
				CLANG_WARN_QUOTED_INCLUDE_IN_FRAMEWORK_HEADER = YES;
				CLANG_WARN_RANGE_LOOP_ANALYSIS = YES;
				CLANG_WARN_STRICT_PROTOTYPES = YES;
				CLANG_WARN_SUSPICIOUS_MOVE = YES;
				CLANG_WARN_UNGUARDED_AVAILABILITY = YES_AGGRESSIVE;
				CLANG_WARN_UNREACHABLE_CODE = YES;
				CLANG_WARN__DUPLICATE_METHOD_MATCH = YES;
				COPY_PHASE_STRIP = NO;
				DEBUG_INFORMATION_FORMAT = "dwarf-with-dsym";
				ENABLE_NS_ASSERTIONS = NO;
				ENABLE_STRICT_OBJC_MSGSEND = YES;
				GCC_C_LANGUAGE_STANDARD = gnu11;
				GCC_NO_COMMON_BLOCKS = YES;
				GCC_WARN_64_TO_32_BIT_CONVERSION = YES;
				GCC_WARN_ABOUT_RETURN_TYPE = YES_ERROR;
				GCC_WARN_UNDECLARED_SELECTOR = YES;
				GCC_WARN_UNINITIALIZED_AUTOS = YES_AGGRESSIVE;
				GCC_WARN_UNUSED_FUNCTION = YES;
				GCC_WARN_UNUSED_VARIABLE = YES;
				IPHONEOS_DEPLOYMENT_TARGET = 16.0;
				MTL_ENABLE_DEBUG_INFO = NO;
				MTL_FAST_MATH = YES;
				SDKROOT = iphoneos;
				SWIFT_COMPILATION_MODE = wholemodule;
				SWIFT_OPTIMIZATION_LEVEL = "-O";
				VALIDATE_PRODUCT = YES;
			};
			name = Release;
		};
		478CFFD72869529D008D7EF7 /* Debug */ = {
			isa = XCBuildConfiguration;
			buildSettings = {
				ASSETCATALOG_COMPILER_APPICON_NAME = AppIcon;
				ASSETCATALOG_COMPILER_GLOBAL_ACCENT_COLOR_NAME = AccentColor;
				CODE_SIGN_STYLE = Automatic;
				CURRENT_PROJECT_VERSION = 1;
				DEVELOPMENT_ASSET_PATHS = "\"UI-597/Preview Content\"";
				DEVELOPMENT_TEAM = 8CL4U468K5;
				ENABLE_PREVIEWS = YES;
				GENERATE_INFOPLIST_FILE = YES;
				INFOPLIST_KEY_UIApplicationSceneManifest_Generation = YES;
				INFOPLIST_KEY_UIApplicationSupportsIndirectInputEvents = YES;
				INFOPLIST_KEY_UILaunchScreen_Generation = YES;
				INFOPLIST_KEY_UISupportedInterfaceOrientations_iPad = "UIInterfaceOrientationPortrait UIInterfaceOrientationPortraitUpsideDown UIInterfaceOrientationLandscapeLeft UIInterfaceOrientationLandscapeRight";
				INFOPLIST_KEY_UISupportedInterfaceOrientations_iPhone = "UIInterfaceOrientationPortrait UIInterfaceOrientationLandscapeLeft UIInterfaceOrientationLandscapeRight";
				LD_RUNPATH_SEARCH_PATHS = (
					"$(inherited)",
					"@executable_path/Frameworks",
				);
				MARKETING_VERSION = 1.0;
				PRODUCT_BUNDLE_IDENTIFIER = "com.585.UI-597";
				PRODUCT_NAME = "$(TARGET_NAME)";
				SWIFT_EMIT_LOC_STRINGS = YES;
				SWIFT_VERSION = 5.0;
				TARGETED_DEVICE_FAMILY = "1,2";
			};
			name = Debug;
		};
		478CFFD82869529D008D7EF7 /* Release */ = {
			isa = XCBuildConfiguration;
			buildSettings = {
				ASSETCATALOG_COMPILER_APPICON_NAME = AppIcon;
				ASSETCATALOG_COMPILER_GLOBAL_ACCENT_COLOR_NAME = AccentColor;
				CODE_SIGN_STYLE = Automatic;
				CURRENT_PROJECT_VERSION = 1;
				DEVELOPMENT_ASSET_PATHS = "\"UI-597/Preview Content\"";
				DEVELOPMENT_TEAM = 8CL4U468K5;
				ENABLE_PREVIEWS = YES;
				GENERATE_INFOPLIST_FILE = YES;
				INFOPLIST_KEY_UIApplicationSceneManifest_Generation = YES;
				INFOPLIST_KEY_UIApplicationSupportsIndirectInputEvents = YES;
				INFOPLIST_KEY_UILaunchScreen_Generation = YES;
				INFOPLIST_KEY_UISupportedInterfaceOrientations_iPad = "UIInterfaceOrientationPortrait UIInterfaceOrientationPortraitUpsideDown UIInterfaceOrientationLandscapeLeft UIInterfaceOrientationLandscapeRight";
				INFOPLIST_KEY_UISupportedInterfaceOrientations_iPhone = "UIInterfaceOrientationPortrait UIInterfaceOrientationLandscapeLeft UIInterfaceOrientationLandscapeRight";
				LD_RUNPATH_SEARCH_PATHS = (
					"$(inherited)",
					"@executable_path/Frameworks",
				);
				MARKETING_VERSION = 1.0;
				PRODUCT_BUNDLE_IDENTIFIER = "com.585.UI-597";
				PRODUCT_NAME = "$(TARGET_NAME)";
				SWIFT_EMIT_LOC_STRINGS = YES;
				SWIFT_VERSION = 5.0;
				TARGETED_DEVICE_FAMILY = "1,2";
			};
			name = Release;
		};
		478CFFDA2869529D008D7EF7 /* Debug */ = {
			isa = XCBuildConfiguration;
			buildSettings = {
				ALWAYS_EMBED_SWIFT_STANDARD_LIBRARIES = YES;
				BUNDLE_LOADER = "$(TEST_HOST)";
				CODE_SIGN_STYLE = Automatic;
				CURRENT_PROJECT_VERSION = 1;
				DEVELOPMENT_TEAM = 8CL4U468K5;
				GENERATE_INFOPLIST_FILE = YES;
				IPHONEOS_DEPLOYMENT_TARGET = 16.0;
				MARKETING_VERSION = 1.0;
				PRODUCT_BUNDLE_IDENTIFIER = "com.585.UI-597Tests";
				PRODUCT_NAME = "$(TARGET_NAME)";
				SWIFT_EMIT_LOC_STRINGS = NO;
				SWIFT_VERSION = 5.0;
				TARGETED_DEVICE_FAMILY = "1,2";
				TEST_HOST = "$(BUILT_PRODUCTS_DIR)/UI-597.app/$(BUNDLE_EXECUTABLE_FOLDER_PATH)/UI-597";
			};
			name = Debug;
		};
		478CFFDB2869529D008D7EF7 /* Release */ = {
			isa = XCBuildConfiguration;
			buildSettings = {
				ALWAYS_EMBED_SWIFT_STANDARD_LIBRARIES = YES;
				BUNDLE_LOADER = "$(TEST_HOST)";
				CODE_SIGN_STYLE = Automatic;
				CURRENT_PROJECT_VERSION = 1;
				DEVELOPMENT_TEAM = 8CL4U468K5;
				GENERATE_INFOPLIST_FILE = YES;
				IPHONEOS_DEPLOYMENT_TARGET = 16.0;
				MARKETING_VERSION = 1.0;
				PRODUCT_BUNDLE_IDENTIFIER = "com.585.UI-597Tests";
				PRODUCT_NAME = "$(TARGET_NAME)";
				SWIFT_EMIT_LOC_STRINGS = NO;
				SWIFT_VERSION = 5.0;
				TARGETED_DEVICE_FAMILY = "1,2";
				TEST_HOST = "$(BUILT_PRODUCTS_DIR)/UI-597.app/$(BUNDLE_EXECUTABLE_FOLDER_PATH)/UI-597";
			};
			name = Release;
		};
		478CFFDD2869529D008D7EF7 /* Debug */ = {
			isa = XCBuildConfiguration;
			buildSettings = {
				ALWAYS_EMBED_SWIFT_STANDARD_LIBRARIES = YES;
				CODE_SIGN_STYLE = Automatic;
				CURRENT_PROJECT_VERSION = 1;
				DEVELOPMENT_TEAM = 8CL4U468K5;
				GENERATE_INFOPLIST_FILE = YES;
				MARKETING_VERSION = 1.0;
				PRODUCT_BUNDLE_IDENTIFIER = "com.585.UI-597UITests";
				PRODUCT_NAME = "$(TARGET_NAME)";
				SWIFT_EMIT_LOC_STRINGS = NO;
				SWIFT_VERSION = 5.0;
				TARGETED_DEVICE_FAMILY = "1,2";
				TEST_TARGET_NAME = "UI-597";
			};
			name = Debug;
		};
		478CFFDE2869529D008D7EF7 /* Release */ = {
			isa = XCBuildConfiguration;
			buildSettings = {
				ALWAYS_EMBED_SWIFT_STANDARD_LIBRARIES = YES;
				CODE_SIGN_STYLE = Automatic;
				CURRENT_PROJECT_VERSION = 1;
				DEVELOPMENT_TEAM = 8CL4U468K5;
				GENERATE_INFOPLIST_FILE = YES;
				MARKETING_VERSION = 1.0;
				PRODUCT_BUNDLE_IDENTIFIER = "com.585.UI-597UITests";
				PRODUCT_NAME = "$(TARGET_NAME)";
				SWIFT_EMIT_LOC_STRINGS = NO;
				SWIFT_VERSION = 5.0;
				TARGETED_DEVICE_FAMILY = "1,2";
				TEST_TARGET_NAME = "UI-597";
			};
			name = Release;
		};
/* End XCBuildConfiguration section */

/* Begin XCConfigurationList section */
		478CFFAD2869529C008D7EF7 /* Build configuration list for PBXProject "UI-597" */ = {
			isa = XCConfigurationList;
			buildConfigurations = (
				478CFFD42869529D008D7EF7 /* Debug */,
				478CFFD52869529D008D7EF7 /* Release */,
			);
			defaultConfigurationIsVisible = 0;
			defaultConfigurationName = Release;
		};
		478CFFD62869529D008D7EF7 /* Build configuration list for PBXNativeTarget "UI-597" */ = {
			isa = XCConfigurationList;
			buildConfigurations = (
				478CFFD72869529D008D7EF7 /* Debug */,
				478CFFD82869529D008D7EF7 /* Release */,
			);
			defaultConfigurationIsVisible = 0;
			defaultConfigurationName = Release;
		};
		478CFFD92869529D008D7EF7 /* Build configuration list for PBXNativeTarget "UI-597Tests" */ = {
			isa = XCConfigurationList;
			buildConfigurations = (
				478CFFDA2869529D008D7EF7 /* Debug */,
				478CFFDB2869529D008D7EF7 /* Release */,
			);
			defaultConfigurationIsVisible = 0;
			defaultConfigurationName = Release;
		};
		478CFFDC2869529D008D7EF7 /* Build configuration list for PBXNativeTarget "UI-597UITests" */ = {
			isa = XCConfigurationList;
			buildConfigurations = (
				478CFFDD2869529D008D7EF7 /* Debug */,
				478CFFDE2869529D008D7EF7 /* Release */,
			);
			defaultConfigurationIsVisible = 0;
			defaultConfigurationName = Release;
		};
/* End XCConfigurationList section */
	};
	rootObject = 478CFFAA2869529C008D7EF7 /* Project object */;
}
